{
    "_meta": {
        "hash": {
            "sha256": "62fd22a5cd1d5d5038dfdb063d4268fd1805f1b63f1428678a44df891e6a3709"
        },
        "pipfile-spec": 6,
        "requires": {
            "python_version": "3.7"
        },
        "sources": [
            {
                "name": "pypi",
                "url": "https://pypi.org/simple",
                "verify_ssl": true
            }
        ]
    },
    "default": {
        "dj-database-url": {
            "hashes": [
                "sha256:ca01768fdecde134301f3170743226f60edff5c3935f12437378ebd911506353",
                "sha256:f2e273ed34acbb560962d5cf12917936d8df02297df09bd3089b8546d4584138"
            ],
            "index": "pypi",
            "version": "==0.3.0"
        },
        "django": {
            "hashes": [
                "sha256:047d0f4c93262b33801049a2dcddaef09c29e741c03a947a3556ea4748eed2e2",
                "sha256:2bb654fcc05fd53017c88caf2bc38b5c5ea23c91f8ac7f0a28b290daf2305bba"
            ],
            "index": "pypi",
            "version": "==1.8.3"
        },
        "django-bootstrap3": {
            "hashes": [
                "sha256:519948e5172aa1bffd3422e28c8b5362626d9a0b5a61eeaf78dd78d3feaad4a0"
            ],
            "index": "pypi",
            "version": "==6.1.0"
        },
        "django-grappelli": {
            "hashes": [
                "sha256:81a5dc24fd8e540d5acdb3cfecb44b6787bce328a0e9bd9581b77f7821d256cb"
            ],
            "index": "pypi",
            "version": "==2.7.1"
        },
        "django-localflavor": {
            "hashes": [
                "sha256:3b5503b512248af661cf91e4f402327619ffc3bc5b3b0ea774a969ed3bf84594",
                "sha256:afd6627cd0fd396824e44a5e4f7bfe9c8d7a45d9bf09b4db2c0683d92681ba93"
            ],
            "index": "pypi",
            "version": "==1.1"
        },
        "django-registration-redux": {
            "hashes": [
                "sha256:006abd8b3606f1bc7da8ffc773a1f4a5380b3f0f6ab65c00a7d864b4f60bc9ba"
            ],
            "index": "pypi",
            "version": "==1.2"
        },
        "djangorestframework": {
            "hashes": [
                "sha256:29dfee9f8de548819f3b61350dbfe5c80f0eb53e2c26aa796bb7e7e0ad33c091",
                "sha256:d47a17a8cbe91b1378b23427e3fcbda32c34c05947f79626dd2813e3885233e8"
            ],
            "index": "pypi",
            "version": "==3.2.0"
        },
        "factory-boy": {
            "hashes": [
                "sha256:102c8141511443df01d354610d3b268924100654316709b43ac04648b50bf703",
                "sha256:cd8306e64c3a115deca136685e945db88ffe171382012ec938ed241a20dd7eba"
            ],
            "version": "==2.5.2"
        },
        "fake-factory": {
            "hashes": [
                "sha256:37b121776d0ee180440fb3133baff8c97dbaaafdb3fc9a659ac6db498abcbc27"
            ],
            "index": "pypi",
            "version": "==0.5.2"
        },
        "pillow": {
            "hashes": [
                "sha256:0f179d7e75e7c83b6341b9595ca1f394de7081484a9e352ad66d553a1c3daa29",
                "sha256:43c400b3b539e4cdec0fc277e2a2f37efef31041295cfbd28c7187506823305c",
                "sha256:57716fe770005a98792de80b0e47efc70a889e6c828dd8d120839c270fe10f4b",
                "sha256:6ccdb949c59174d5f7f0309f83adc437df7a744e55adbd71990c338e57f8447c",
                "sha256:6e23df2ec9dcc26b2d23d73806cff13f9586a56c4319262634a5208d390b2fe1",
                "sha256:7285180ee2fc1b2cbe751d767a83bd19a3ceaf2262f1f547085e31f22369ef35",
                "sha256:766c01fc8e49c1d5e1419b130c54d4d959da62e32fa381f62a02a9fdb5108481",
                "sha256:8475d8697d76b7925caf430d34cb874dbff737ff3d52cdca8d11513505fee866",
                "sha256:99b03b44d808a1f0be6f807b301c124bf5d9cce090f18ed32c2c88e30bd9c714",
                "sha256:9d0fc0b2a86fadba3abd0776c4fae37617e0aeaf481cb2f23f0e66ef015e6285",
                "sha256:aefb41723eac1b74581b858d9cfc2587858233ee6c95e0178a1c691f046f7aa6",
                "sha256:ca61822a9be2734d7c59ddc977b542887e7fafc75da716ae9347c6a9fb075a38",
                "sha256:d1db8dfed77547076037d589b598e04f2cbc1a7835d3d3f137bf20c8994854d5",
                "sha256:f79b9c5197378071357213834dcb967053898fcb52842713b0ece6fdb4858680",
                "sha256:f9f047405e83eef06ad16f78da81e45d5ea97da8d46877acdc4428619aff5f99",
                "sha256:ff9c71f98cb9dfdc8c8878685f25cd8094fae3a286802510de7f47f89336e1e2"
            ],
            "index": "pypi",
            "version": "==2.9.0"
        },
        "psycopg2": {
            "hashes": [
                "sha256:09cb52215db4a8c68a765f2da33fafbd049e7611cb70708ff8c5f7a3c89ce364",
                "sha256:0cf35f41d1c87b01ce0b3cb0b88d64285a2c9bf95c1f5299ae9dcaa6fdd8c66c",
                "sha256:0d9f8043c3d2262a7ad2d8cf8dfd2630b12207e69b829b6f4092e47556a3f572",
                "sha256:267814317483571e637a32d15d71ef6c8e3b05a2ecba97b2b0d71fa7ea9eb1f5",
                "sha256:2c1d3c0e4c929f1401879cb5ce9a043afce85255f9439bd7cebaf025149c5a20",
                "sha256:5515581466f1a7aa74f7b435311bdbd686b2f2dda4f0c7c95f802c444b05eda9",
                "sha256:6acf9abbbe757ef75dc2ecd9d91ba749547941abaffbe69ff2086a9e37d4904c",
                "sha256:6d196184d1e8b140bc5af1d5eeda8aeed26a241317d8860992e83e8acefa6177",
                "sha256:7ccbe6665535bc0cc13c83dab71b424bde0999f5f0a69b29b557ecc41cd0f8dc",
                "sha256:d9468943b49c798d3fada2e76dd59832eb786e0b0196a108de7ed3aae3ca16c1",
                "sha256:fe8446b2f680a99ac114af2c90f8b69e56052ff4d2359c510a8dc61d252ac325"
            ],
            "index": "pypi",
            "version": "==2.6.1"
        },
        "psycopg2-binary": {
            "hashes": [
                "sha256:04afb59bbbd2eab3148e6816beddc74348078b8c02a1113ea7f7822f5be4afe3",
                "sha256:098b18f4d8857a8f9b206d1dc54db56c2255d5d26458917e7bcad61ebfe4338f",
                "sha256:0bf855d4a7083e20ead961fda4923887094eaeace0ab2d76eb4aa300f4bbf5bd",
                "sha256:197dda3ffd02057820be83fe4d84529ea70bf39a9a4daee1d20ffc74eb3d042e",
                "sha256:278ef63afb4b3d842b4609f2c05ffbfb76795cf6a184deeb8707cd5ed3c981a5",
                "sha256:3cbf8c4fc8f22f0817220891cf405831559f4d4c12c4f73913730a2ea6c47a47",
                "sha256:4305aed922c4d9d6163ab3a41d80b5a1cfab54917467da8168552c42cad84d32",
                "sha256:47ee296f704fb8b2a616dec691cdcfd5fa0f11943955e88faa98cbd1dc3b3e3d",
                "sha256:4a0e38cb30457e70580903367161173d4a7d1381eb2f2cfe4e69b7806623f484",
                "sha256:4d6c294c6638a71cafb82a37f182f24321f1163b08b5d5ca076e11fe838a3086",
                "sha256:4f3233c366500730f839f92833194fd8f9a5c4529c8cd8040aa162c3740de8e5",
                "sha256:5221f5a3f4ca2ddf0d58e8b8a32ca50948be9a43351fda797eb4e72d7a7aa34d",
                "sha256:5c6ca0b507540a11eaf9e77dee4f07c131c2ec80ca0cffa146671bf690bc1c02",
                "sha256:789bd89d71d704db2b3d5e67d6d518b158985d791d3b2dec5ab85457cfc9677b",
                "sha256:7b94d29239efeaa6a967f3b5971bd0518d2a24edd1511edbf4a2c8b815220d07",
                "sha256:89bc65ef3301c74cf32db25334421ea6adbe8f65601ea45dcaaf095abed910bb",
                "sha256:89d6d3a549f405c20c9ae4dc94d7ed2de2fa77427a470674490a622070732e62",
                "sha256:97521704ac7127d7d8ba22877da3c7bf4a40366587d238ec679ff38e33177498",
                "sha256:a395b62d5f44ff6f633231abe568e2203b8fabf9797cd6386aa92497df912d9a",
                "sha256:a6d32c37f714c3f34158f3fa659f3a8f2658d5f53c4297d45579b9677cc4d852",
                "sha256:a89ee5c26f72f2d0d74b991ce49e42ddeb4ac0dc2d8c06a0f2770a1ab48f4fe0",
                "sha256:b4c8b0ef3608e59317bfc501df84a61e48b5445d45f24d0391a24802de5f2d84",
                "sha256:b5fcf07140219a1f71e18486b8dc28e2e1b76a441c19374805c617aa6d9a9d55",
                "sha256:b86f527f00956ecebad6ab3bb30e3a75fedf1160a8716978dd8ce7adddedd86f",
                "sha256:be4c4aa22ba22f70de36c98b06480e2f1697972d49eb20d525f400d204a6d272",
                "sha256:c2ac7aa1a144d4e0e613ac7286dae85671e99fe7a1353954d4905629c36b811c",
                "sha256:de26ef4787b5e778e8223913a3e50368b44e7480f83c76df1f51d23bd21cea16",
                "sha256:e70ebcfc5372dc7b699c0110454fc4263967f30c55454397e5769eb72c0eb0ce",
                "sha256:eadbd32b6bc48b67b0457fccc94c86f7ccc8178ab839f684eb285bb592dc143e",
                "sha256:ecbc6dfff6db06b8b72ae8a2f25ff20fbdcb83cb543811a08f7cb555042aa729"
            ],
            "index": "pypi",
            "version": "==2.7.5"
        },
        "requests": {
            "hashes": [
                "sha256:20f976cdce02a42b69ce80e9e03897a51814b36d448b37288546086ebc473146",
                "sha256:398a3db6d61899d25fd4a06c6ca12051b0ce171d705decd7ed5511517b4bb93d"
            ],
            "index": "pypi",
            "version": "==2.7.0"
        },
        "selenium": {
            "hashes": [
                "sha256:622d06c0713a7e8022455b75957360246b1453abcb6fa9b0fef3db8c6eac13f3",
                "sha256:f046a0d4c7feba438c94e3a69e18338ccdccb38a0171fdb4495bd6da56e136d6"
            ],
            "index": "pypi",
            "version": "==2.47.1"
        },
        "splinter": {
            "hashes": [
                "sha256:3e5d38e5bc1be94a9af64ddc7530a9023c52f21dd2704ef40c45e35f9c00addb"
            ],
            "index": "pypi",
            "version": "==0.7.3"
        },
        "urllib3": {
            "hashes": [
                "sha256:a68ac5e15e76e7e5dd2b8f94007233e01effe3e50e8daddf69acfd81cb686baf",
                "sha256:b5725a0bd4ba422ab0e66e89e030c806576753ea3ee08554382c14e685d117b5"
            ],
            "markers": "python_version != '3.2.*' and python_version != '3.1.*' and python_version != '3.0.*' and python_version < '4' and python_version != '3.3.*' and python_version >= '2.6'",
            "version": "==1.23"
        }
    },
    "develop": {
        "certifi": {
            "hashes": [
                "sha256:376690d6f16d32f9d1fe8932551d80b23e9d393a8578c5633a2ed39a64861638",
                "sha256:456048c7e371c089d0a77a5212fb37a2c2dce1e24146e3b7e0261736aaeaa22a"
            ],
            "version": "==2018.8.24"
        },
        "chardet": {
            "hashes": [
                "sha256:84ab92ed1c4d4f16916e05906b6b75a6c0fb5db821cc65e70cbd64a3e2a5eaae",
                "sha256:fc323ffcaeaed0e0a02bf4d117757b98aed530d9ed4531e3e15460124c106691"
            ],
            "version": "==3.0.4"
        },
        "factory-boy": {
            "hashes": [
                "sha256:102c8141511443df01d354610d3b268924100654316709b43ac04648b50bf703",
                "sha256:cd8306e64c3a115deca136685e945db88ffe171382012ec938ed241a20dd7eba"
            ],
            "version": "==2.5.2"
        },
        "faker": {
            "hashes": [
                "sha256:74b32991f8e08e4f2f84858b919eca253becfaec4b3fa5fcff7fdbd70d5d78b1",
                "sha256:c2ce42dd8361e6d392276006d757532562463c8642b1086709584200b7fd7758"
            ],
            "markers": "python_version != '3.1.*' and python_version >= '2.7' and python_version != '3.0.*' and python_version != '3.2.*'",
            "version": "==0.9.1"
        },
        "idna": {
            "hashes": [
                "sha256:156a6814fb5ac1fc6850fb002e0852d56c0c8d2531923a51032d1b70760e186e",
                "sha256:684a38a6f903c1d71d6d5fac066b58d7768af4de2b832e426ec79c30daa94a16"
            ],
            "version": "==2.7"
        },
        "python-dateutil": {
            "hashes": [
                "sha256:1adb80e7a782c12e52ef9a8182bebeb73f1d7e24e374397af06fb4956c8dc5c0",
                "sha256:e27001de32f627c22380a688bcc43ce83504a7bc5da472209b4c70f02829f0b8"
            ],
            "version": "==2.7.3"
        },
        "requests": {
            "hashes": [
                "sha256:20f976cdce02a42b69ce80e9e03897a51814b36d448b37288546086ebc473146",
                "sha256:398a3db6d61899d25fd4a06c6ca12051b0ce171d705decd7ed5511517b4bb93d"
            ],
            "index": "pypi",
            "version": "==2.7.0"
        },
        "selenium": {
            "hashes": [
                "sha256:622d06c0713a7e8022455b75957360246b1453abcb6fa9b0fef3db8c6eac13f3",
                "sha256:f046a0d4c7feba438c94e3a69e18338ccdccb38a0171fdb4495bd6da56e136d6"
            ],
            "index": "pypi",
            "version": "==2.47.1"
        },
        "six": {
            "hashes": [
                "sha256:70e8a77beed4562e7f14fe23a786b54f6296e34344c23bc42f07b15018ff98e9",
                "sha256:832dc0e10feb1aa2c68dcc57dbb658f1c7e65b9b61af69048abc87a2db00a0eb"
            ],
            "version": "==1.11.0"
        },
        "splinter": {
            "hashes": [
                "sha256:3e5d38e5bc1be94a9af64ddc7530a9023c52f21dd2704ef40c45e35f9c00addb"
            ],
            "index": "pypi",
            "version": "==0.7.3"
        },
        "text-unidecode": {
            "hashes": [
                "sha256:5a1375bb2ba7968740508ae38d92e1f889a0832913cb1c447d5e2046061a396d",
                "sha256:801e38bd550b943563660a91de8d4b6fa5df60a542be9093f7abf819f86050cc"
            ],
            "version": "==1.2"
        },
        "urllib3": {
            "hashes": [
                "sha256:a68ac5e15e76e7e5dd2b8f94007233e01effe3e50e8daddf69acfd81cb686baf",
                "sha256:b5725a0bd4ba422ab0e66e89e030c806576753ea3ee08554382c14e685d117b5"
            ],
            "markers": "python_version != '3.2.*' and python_version != '3.1.*' and python_version != '3.0.*' and python_version < '4' and python_version != '3.3.*' and python_version >= '2.6'",
            "version": "==1.23"
        }
    }
}
